// !$*UTF8*$!
{
	archiveVersion = 1;
	classes = {
	};
	objectVersion = 56;
	objects = {

/* Begin PBXBuildFile section */
		635B0CEF2BF0F0FA00BE9C6C /* AppDelegate.swift in Sources */ = {isa = PBXBuildFile; fileRef = 635B0CEE2BF0F0FA00BE9C6C /* AppDelegate.swift */; };
		635B0CF12BF0F0FA00BE9C6C /* SceneDelegate.swift in Sources */ = {isa = PBXBuildFile; fileRef = 635B0CF02BF0F0FA00BE9C6C /* SceneDelegate.swift */; };
		635B0CF32BF0F0FA00BE9C6C /* ViewController.swift in Sources */ = {isa = PBXBuildFile; fileRef = 635B0CF22BF0F0FA00BE9C6C /* ViewController.swift */; };
		635B0CF62BF0F0FA00BE9C6C /* Base in Resources */ = {isa = PBXBuildFile; fileRef = 635B0CF52BF0F0FA00BE9C6C /* Base */; };
		635B0CF82BF0F0FB00BE9C6C /* Assets.xcassets in Resources */ = {isa = PBXBuildFile; fileRef = 635B0CF72BF0F0FB00BE9C6C /* Assets.xcassets */; };
		635B0CFB2BF0F0FB00BE9C6C /* Base in Resources */ = {isa = PBXBuildFile; fileRef = 635B0CFA2BF0F0FB00BE9C6C /* Base */; };
		635B0D062BF0F0FB00BE9C6C /* TinkoffCalculatorTests.swift in Sources */ = {isa = PBXBuildFile; fileRef = 635B0D052BF0F0FB00BE9C6C /* TinkoffCalculatorTests.swift */; };
		635B0D102BF0F0FB00BE9C6C /* TinkoffCalculatorUITests.swift in Sources */ = {isa = PBXBuildFile; fileRef = 635B0D0F2BF0F0FB00BE9C6C /* TinkoffCalculatorUITests.swift */; };
		635B0D122BF0F0FB00BE9C6C /* TinkoffCalculatorUITestsLaunchTests.swift in Sources */ = {isa = PBXBuildFile; fileRef = 635B0D112BF0F0FB00BE9C6C /* TinkoffCalculatorUITestsLaunchTests.swift */; };
/* End PBXBuildFile section */

/* Begin PBXContainerItemProxy section */
		635B0D022BF0F0FB00BE9C6C /* PBXContainerItemProxy */ = {
			isa = PBXContainerItemProxy;
			containerPortal = 635B0CE32BF0F0FA00BE9C6C /* Project object */;
			proxyType = 1;
			remoteGlobalIDString = 635B0CEA2BF0F0FA00BE9C6C;
			remoteInfo = TinkoffCalculator;
		};
		635B0D0C2BF0F0FB00BE9C6C /* PBXContainerItemProxy */ = {
			isa = PBXContainerItemProxy;
			containerPortal = 635B0CE32BF0F0FA00BE9C6C /* Project object */;
			proxyType = 1;
			remoteGlobalIDString = 635B0CEA2BF0F0FA00BE9C6C;
			remoteInfo = TinkoffCalculator;
		};
/* End PBXContainerItemProxy section */

/* Begin PBXFileReference section */
		635B0CEB2BF0F0FA00BE9C6C /* TinkoffCalculator.app */ = {isa = PBXFileReference; explicitFileType = wrapper.application; includeInIndex = 0; path = TinkoffCalculator.app; sourceTree = BUILT_PRODUCTS_DIR; };
		635B0CEE2BF0F0FA00BE9C6C /* AppDelegate.swift */ = {isa = PBXFileReference; lastKnownFileType = sourcecode.swift; path = AppDelegate.swift; sourceTree = "<group>"; };
		635B0CF02BF0F0FA00BE9C6C /* SceneDelegate.swift */ = {isa = PBXFileReference; lastKnownFileType = sourcecode.swift; path = SceneDelegate.swift; sourceTree = "<group>"; };
		635B0CF22BF0F0FA00BE9C6C /* ViewController.swift */ = {isa = PBXFileReference; lastKnownFileType = sourcecode.swift; path = ViewController.swift; sourceTree = "<group>"; };
		635B0CF52BF0F0FA00BE9C6C /* Base */ = {isa = PBXFileReference; lastKnownFileType = file.storyboard; name = Base; path = Base.lproj/Main.storyboard; sourceTree = "<group>"; };
		635B0CF72BF0F0FB00BE9C6C /* Assets.xcassets */ = {isa = PBXFileReference; lastKnownFileType = folder.assetcatalog; path = Assets.xcassets; sourceTree = "<group>"; };
		635B0CFA2BF0F0FB00BE9C6C /* Base */ = {isa = PBXFileReference; lastKnownFileType = file.storyboard; name = Base; path = Base.lproj/LaunchScreen.storyboard; sourceTree = "<group>"; };
		635B0CFC2BF0F0FB00BE9C6C /* Info.plist */ = {isa = PBXFileReference; lastKnownFileType = text.plist.xml; path = Info.plist; sourceTree = "<group>"; };
		635B0D012BF0F0FB00BE9C6C /* TinkoffCalculatorTests.xctest */ = {isa = PBXFileReference; explicitFileType = wrapper.cfbundle; includeInIndex = 0; path = TinkoffCalculatorTests.xctest; sourceTree = BUILT_PRODUCTS_DIR; };
		635B0D052BF0F0FB00BE9C6C /* TinkoffCalculatorTests.swift */ = {isa = PBXFileReference; lastKnownFileType = sourcecode.swift; path = TinkoffCalculatorTests.swift; sourceTree = "<group>"; };
		635B0D0B2BF0F0FB00BE9C6C /* TinkoffCalculatorUITests.xctest */ = {isa = PBXFileReference; explicitFileType = wrapper.cfbundle; includeInIndex = 0; path = TinkoffCalculatorUITests.xctest; sourceTree = BUILT_PRODUCTS_DIR; };
		635B0D0F2BF0F0FB00BE9C6C /* TinkoffCalculatorUITests.swift */ = {isa = PBXFileReference; lastKnownFileType = sourcecode.swift; path = TinkoffCalculatorUITests.swift; sourceTree = "<group>"; };
		635B0D112BF0F0FB00BE9C6C /* TinkoffCalculatorUITestsLaunchTests.swift */ = {isa = PBXFileReference; lastKnownFileType = sourcecode.swift; path = TinkoffCalculatorUITestsLaunchTests.swift; sourceTree = "<group>"; };
/* End PBXFileReference section */

/* Begin PBXFrameworksBuildPhase section */
		635B0CE82BF0F0FA00BE9C6C /* Frameworks */ = {
			isa = PBXFrameworksBuildPhase;
			buildActionMask = 2147483647;
			files = (
			);
			runOnlyForDeploymentPostprocessing = 0;
		};
		635B0CFE2BF0F0FB00BE9C6C /* Frameworks */ = {
			isa = PBXFrameworksBuildPhase;
			buildActionMask = 2147483647;
			files = (
			);
			runOnlyForDeploymentPostprocessing = 0;
		};
		635B0D082BF0F0FB00BE9C6C /* Frameworks */ = {
			isa = PBXFrameworksBuildPhase;
			buildActionMask = 2147483647;
			files = (
			);
			runOnlyForDeploymentPostprocessing = 0;
		};
/* End PBXFrameworksBuildPhase section */

/* Begin PBXGroup section */
		635B0CE22BF0F0FA00BE9C6C = {
			isa = PBXGroup;
			children = (
				635B0CED2BF0F0FA00BE9C6C /* TinkoffCalculator */,
				635B0D042BF0F0FB00BE9C6C /* TinkoffCalculatorTests */,
				635B0D0E2BF0F0FB00BE9C6C /* TinkoffCalculatorUITests */,
				635B0CEC2BF0F0FA00BE9C6C /* Products */,
			);
			sourceTree = "<group>";
		};
		635B0CEC2BF0F0FA00BE9C6C /* Products */ = {
			isa = PBXGroup;
			children = (
				635B0CEB2BF0F0FA00BE9C6C /* TinkoffCalculator.app */,
				635B0D012BF0F0FB00BE9C6C /* TinkoffCalculatorTests.xctest */,
				635B0D0B2BF0F0FB00BE9C6C /* TinkoffCalculatorUITests.xctest */,
			);
			name = Products;
			sourceTree = "<group>";
		};
		635B0CED2BF0F0FA00BE9C6C /* TinkoffCalculator */ = {
			isa = PBXGroup;
			children = (
				635B0CEE2BF0F0FA00BE9C6C /* AppDelegate.swift */,
				635B0CF02BF0F0FA00BE9C6C /* SceneDelegate.swift */,
				635B0CF22BF0F0FA00BE9C6C /* ViewController.swift */,
				635B0CF42BF0F0FA00BE9C6C /* Main.storyboard */,
				635B0CF72BF0F0FB00BE9C6C /* Assets.xcassets */,
				635B0CF92BF0F0FB00BE9C6C /* LaunchScreen.storyboard */,
				635B0CFC2BF0F0FB00BE9C6C /* Info.plist */,
			);
			path = TinkoffCalculator;
			sourceTree = "<group>";
		};
		635B0D042BF0F0FB00BE9C6C /* TinkoffCalculatorTests */ = {
			isa = PBXGroup;
			children = (
				635B0D052BF0F0FB00BE9C6C /* TinkoffCalculatorTests.swift */,
			);
			path = TinkoffCalculatorTests;
			sourceTree = "<group>";
		};
		635B0D0E2BF0F0FB00BE9C6C /* TinkoffCalculatorUITests */ = {
			isa = PBXGroup;
			children = (
				635B0D0F2BF0F0FB00BE9C6C /* TinkoffCalculatorUITests.swift */,
				635B0D112BF0F0FB00BE9C6C /* TinkoffCalculatorUITestsLaunchTests.swift */,
			);
			path = TinkoffCalculatorUITests;
			sourceTree = "<group>";
		};
/* End PBXGroup section */

/* Begin PBXNativeTarget section */
		635B0CEA2BF0F0FA00BE9C6C /* TinkoffCalculator */ = {
			isa = PBXNativeTarget;
			buildConfigurationList = 635B0D152BF0F0FB00BE9C6C /* Build configuration list for PBXNativeTarget "TinkoffCalculator" */;
			buildPhases = (
				635B0CE72BF0F0FA00BE9C6C /* Sources */,
				635B0CE82BF0F0FA00BE9C6C /* Frameworks */,
				635B0CE92BF0F0FA00BE9C6C /* Resources */,
			);
			buildRules = (
			);
			dependencies = (
			);
			name = TinkoffCalculator;
			productName = TinkoffCalculator;
			productReference = 635B0CEB2BF0F0FA00BE9C6C /* TinkoffCalculator.app */;
			productType = "com.apple.product-type.application";
		};
		635B0D002BF0F0FB00BE9C6C /* TinkoffCalculatorTests */ = {
			isa = PBXNativeTarget;
			buildConfigurationList = 635B0D182BF0F0FB00BE9C6C /* Build configuration list for PBXNativeTarget "TinkoffCalculatorTests" */;
			buildPhases = (
				635B0CFD2BF0F0FB00BE9C6C /* Sources */,
				635B0CFE2BF0F0FB00BE9C6C /* Frameworks */,
				635B0CFF2BF0F0FB00BE9C6C /* Resources */,
			);
			buildRules = (
			);
			dependencies = (
				635B0D032BF0F0FB00BE9C6C /* PBXTargetDependency */,
			);
			name = TinkoffCalculatorTests;
			productName = TinkoffCalculatorTests;
			productReference = 635B0D012BF0F0FB00BE9C6C /* TinkoffCalculatorTests.xctest */;
			productType = "com.apple.product-type.bundle.unit-test";
		};
		635B0D0A2BF0F0FB00BE9C6C /* TinkoffCalculatorUITests */ = {
			isa = PBXNativeTarget;
			buildConfigurationList = 635B0D1B2BF0F0FB00BE9C6C /* Build configuration list for PBXNativeTarget "TinkoffCalculatorUITests" */;
			buildPhases = (
				635B0D072BF0F0FB00BE9C6C /* Sources */,
				635B0D082BF0F0FB00BE9C6C /* Frameworks */,
				635B0D092BF0F0FB00BE9C6C /* Resources */,
			);
			buildRules = (
			);
			dependencies = (
				635B0D0D2BF0F0FB00BE9C6C /* PBXTargetDependency */,
			);
			name = TinkoffCalculatorUITests;
			productName = TinkoffCalculatorUITests;
			productReference = 635B0D0B2BF0F0FB00BE9C6C /* TinkoffCalculatorUITests.xctest */;
			productType = "com.apple.product-type.bundle.ui-testing";
		};
/* End PBXNativeTarget section */

/* Begin PBXProject section */
		635B0CE32BF0F0FA00BE9C6C /* Project object */ = {
			isa = PBXProject;
			attributes = {
				BuildIndependentTargetsInParallel = 1;
				LastSwiftUpdateCheck = 1530;
				LastUpgradeCheck = 1530;
				TargetAttributes = {
					635B0CEA2BF0F0FA00BE9C6C = {
						CreatedOnToolsVersion = 15.3;
					};
					635B0D002BF0F0FB00BE9C6C = {
						CreatedOnToolsVersion = 15.3;
						TestTargetID = 635B0CEA2BF0F0FA00BE9C6C;
					};
					635B0D0A2BF0F0FB00BE9C6C = {
						CreatedOnToolsVersion = 15.3;
						TestTargetID = 635B0CEA2BF0F0FA00BE9C6C;
					};
				};
			};
			buildConfigurationList = 635B0CE62BF0F0FA00BE9C6C /* Build configuration list for PBXProject "TinkoffCalculator" */;
			compatibilityVersion = "Xcode 14.0";
			developmentRegion = en;
			hasScannedForEncodings = 0;
			knownRegions = (
				en,
				Base,
			);
			mainGroup = 635B0CE22BF0F0FA00BE9C6C;
			productRefGroup = 635B0CEC2BF0F0FA00BE9C6C /* Products */;
			projectDirPath = "";
			projectRoot = "";
			targets = (
				635B0CEA2BF0F0FA00BE9C6C /* TinkoffCalculator */,
				635B0D002BF0F0FB00BE9C6C /* TinkoffCalculatorTests */,
				635B0D0A2BF0F0FB00BE9C6C /* TinkoffCalculatorUITests */,
			);
		};
/* End PBXProject section */

/* Begin PBXResourcesBuildPhase section */
		635B0CE92BF0F0FA00BE9C6C /* Resources */ = {
			isa = PBXResourcesBuildPhase;
			buildActionMask = 2147483647;
			files = (
				635B0CF82BF0F0FB00BE9C6C /* Assets.xcassets in Resources */,
				635B0CFB2BF0F0FB00BE9C6C /* Base in Resources */,
				635B0CF62BF0F0FA00BE9C6C /* Base in Resources */,
			);
			runOnlyForDeploymentPostprocessing = 0;
		};
		635B0CFF2BF0F0FB00BE9C6C /* Resources */ = {
			isa = PBXResourcesBuildPhase;
			buildActionMask = 2147483647;
			files = (
			);
			runOnlyForDeploymentPostprocessing = 0;
		};
		635B0D092BF0F0FB00BE9C6C /* Resources */ = {
			isa = PBXResourcesBuildPhase;
			buildActionMask = 2147483647;
			files = (
			);
			runOnlyForDeploymentPostprocessing = 0;
		};
/* End PBXResourcesBuildPhase section */

/* Begin PBXSourcesBuildPhase section */
		635B0CE72BF0F0FA00BE9C6C /* Sources */ = {
			isa = PBXSourcesBuildPhase;
			buildActionMask = 2147483647;
			files = (
				635B0CF32BF0F0FA00BE9C6C /* ViewController.swift in Sources */,
				635B0CEF2BF0F0FA00BE9C6C /* AppDelegate.swift in Sources */,
				635B0CF12BF0F0FA00BE9C6C /* SceneDelegate.swift in Sources */,
			);
			runOnlyForDeploymentPostprocessing = 0;
		};
		635B0CFD2BF0F0FB00BE9C6C /* Sources */ = {
			isa = PBXSourcesBuildPhase;
			buildActionMask = 2147483647;
			files = (
				635B0D062BF0F0FB00BE9C6C /* TinkoffCalculatorTests.swift in Sources */,
			);
			runOnlyForDeploymentPostprocessing = 0;
		};
		635B0D072BF0F0FB00BE9C6C /* Sources */ = {
			isa = PBXSourcesBuildPhase;
			buildActionMask = 2147483647;
			files = (
				635B0D122BF0F0FB00BE9C6C /* TinkoffCalculatorUITestsLaunchTests.swift in Sources */,
				635B0D102BF0F0FB00BE9C6C /* TinkoffCalculatorUITests.swift in Sources */,
			);
			runOnlyForDeploymentPostprocessing = 0;
		};
/* End PBXSourcesBuildPhase section */

/* Begin PBXTargetDependency section */
		635B0D032BF0F0FB00BE9C6C /* PBXTargetDependency */ = {
			isa = PBXTargetDependency;
			target = 635B0CEA2BF0F0FA00BE9C6C /* TinkoffCalculator */;
			targetProxy = 635B0D022BF0F0FB00BE9C6C /* PBXContainerItemProxy */;
		};
		635B0D0D2BF0F0FB00BE9C6C /* PBXTargetDependency */ = {
			isa = PBXTargetDependency;
			target = 635B0CEA2BF0F0FA00BE9C6C /* TinkoffCalculator */;
			targetProxy = 635B0D0C2BF0F0FB00BE9C6C /* PBXContainerItemProxy */;
		};
/* End PBXTargetDependency section */

/* Begin PBXVariantGroup section */
		635B0CF42BF0F0FA00BE9C6C /* Main.storyboard */ = {
			isa = PBXVariantGroup;
			children = (
				635B0CF52BF0F0FA00BE9C6C /* Base */,
			);
			name = Main.storyboard;
			sourceTree = "<group>";
		};
		635B0CF92BF0F0FB00BE9C6C /* LaunchScreen.storyboard */ = {
			isa = PBXVariantGroup;
			children = (
				635B0CFA2BF0F0FB00BE9C6C /* Base */,
			);
			name = LaunchScreen.storyboard;
			sourceTree = "<group>";
		};
/* End PBXVariantGroup section */

/* Begin XCBuildConfiguration section */
		635B0D132BF0F0FB00BE9C6C /* Debug */ = {
			isa = XCBuildConfiguration;
			buildSettings = {
				ALWAYS_SEARCH_USER_PATHS = NO;
				ASSETCATALOG_COMPILER_GENERATE_SWIFT_ASSET_SYMBOL_EXTENSIONS = YES;
				CLANG_ANALYZER_NONNULL = YES;
				CLANG_ANALYZER_NUMBER_OBJECT_CONVERSION = YES_AGGRESSIVE;
				CLANG_CXX_LANGUAGE_STANDARD = "gnu++20";
				CLANG_ENABLE_MODULES = YES;
				CLANG_ENABLE_OBJC_ARC = YES;
				CLANG_ENABLE_OBJC_WEAK = YES;
				CLANG_WARN_BLOCK_CAPTURE_AUTORELEASING = YES;
				CLANG_WARN_BOOL_CONVERSION = YES;
				CLANG_WARN_COMMA = YES;
				CLANG_WARN_CONSTANT_CONVERSION = YES;
				CLANG_WARN_DEPRECATED_OBJC_IMPLEMENTATIONS = YES;
				CLANG_WARN_DIRECT_OBJC_ISA_USAGE = YES_ERROR;
				CLANG_WARN_DOCUMENTATION_COMMENTS = YES;
				CLANG_WARN_EMPTY_BODY = YES;
				CLANG_WARN_ENUM_CONVERSION = YES;
				CLANG_WARN_INFINITE_RECURSION = YES;
				CLANG_WARN_INT_CONVERSION = YES;
				CLANG_WARN_NON_LITERAL_NULL_CONVERSION = YES;
				CLANG_WARN_OBJC_IMPLICIT_RETAIN_SELF = YES;
				CLANG_WARN_OBJC_LITERAL_CONVERSION = YES;
				CLANG_WARN_OBJC_ROOT_CLASS = YES_ERROR;
				CLANG_WARN_QUOTED_INCLUDE_IN_FRAMEWORK_HEADER = YES;
				CLANG_WARN_RANGE_LOOP_ANALYSIS = YES;
				CLANG_WARN_STRICT_PROTOTYPES = YES;
				CLANG_WARN_SUSPICIOUS_MOVE = YES;
				CLANG_WARN_UNGUARDED_AVAILABILITY = YES_AGGRESSIVE;
				CLANG_WARN_UNREACHABLE_CODE = YES;
				CLANG_WARN__DUPLICATE_METHOD_MATCH = YES;
				COPY_PHASE_STRIP = NO;
				DEBUG_INFORMATION_FORMAT = dwarf;
				ENABLE_STRICT_OBJC_MSGSEND = YES;
				ENABLE_TESTABILITY = YES;
				ENABLE_USER_SCRIPT_SANDBOXING = YES;
				GCC_C_LANGUAGE_STANDARD = gnu17;
				GCC_DYNAMIC_NO_PIC = NO;
				GCC_NO_COMMON_BLOCKS = YES;
				GCC_OPTIMIZATION_LEVEL = 0;
				GCC_PREPROCESSOR_DEFINITIONS = (
					"DEBUG=1",
					"$(inherited)",
				);
				GCC_WARN_64_TO_32_BIT_CONVERSION = YES;
				GCC_WARN_ABOUT_RETURN_TYPE = YES_ERROR;
				GCC_WARN_UNDECLARED_SELECTOR = YES;
				GCC_WARN_UNINITIALIZED_AUTOS = YES_AGGRESSIVE;
				GCC_WARN_UNUSED_FUNCTION = YES;
				GCC_WARN_UNUSED_VARIABLE = YES;
				IPHONEOS_DEPLOYMENT_TARGET = 17.4;
				LOCALIZATION_PREFERS_STRING_CATALOGS = YES;
				MTL_ENABLE_DEBUG_INFO = INCLUDE_SOURCE;
				MTL_FAST_MATH = YES;
				ONLY_ACTIVE_ARCH = YES;
				SDKROOT = iphoneos;
				SWIFT_ACTIVE_COMPILATION_CONDITIONS = "DEBUG $(inherited)";
				SWIFT_OPTIMIZATION_LEVEL = "-Onone";
			};
			name = Debug;
		};
		635B0D142BF0F0FB00BE9C6C /* Release */ = {
			isa = XCBuildConfiguration;
			buildSettings = {
				ALWAYS_SEARCH_USER_PATHS = NO;
				ASSETCATALOG_COMPILER_GENERATE_SWIFT_ASSET_SYMBOL_EXTENSIONS = YES;
				CLANG_ANALYZER_NONNULL = YES;
				CLANG_ANALYZER_NUMBER_OBJECT_CONVERSION = YES_AGGRESSIVE;
				CLANG_CXX_LANGUAGE_STANDARD = "gnu++20";
				CLANG_ENABLE_MODULES = YES;
				CLANG_ENABLE_OBJC_ARC = YES;
				CLANG_ENABLE_OBJC_WEAK = YES;
				CLANG_WARN_BLOCK_CAPTURE_AUTORELEASING = YES;
				CLANG_WARN_BOOL_CONVERSION = YES;
				CLANG_WARN_COMMA = YES;
				CLANG_WARN_CONSTANT_CONVERSION = YES;
				CLANG_WARN_DEPRECATED_OBJC_IMPLEMENTATIONS = YES;
				CLANG_WARN_DIRECT_OBJC_ISA_USAGE = YES_ERROR;
				CLANG_WARN_DOCUMENTATION_COMMENTS = YES;
				CLANG_WARN_EMPTY_BODY = YES;
				CLANG_WARN_ENUM_CONVERSION = YES;
				CLANG_WARN_INFINITE_RECURSION = YES;
				CLANG_WARN_INT_CONVERSION = YES;
				CLANG_WARN_NON_LITERAL_NULL_CONVERSION = YES;
				CLANG_WARN_OBJC_IMPLICIT_RETAIN_SELF = YES;
				CLANG_WARN_OBJC_LITERAL_CONVERSION = YES;
				CLANG_WARN_OBJC_ROOT_CLASS = YES_ERROR;
				CLANG_WARN_QUOTED_INCLUDE_IN_FRAMEWORK_HEADER = YES;
				CLANG_WARN_RANGE_LOOP_ANALYSIS = YES;
				CLANG_WARN_STRICT_PROTOTYPES = YES;
				CLANG_WARN_SUSPICIOUS_MOVE = YES;
				CLANG_WARN_UNGUARDED_AVAILABILITY = YES_AGGRESSIVE;
				CLANG_WARN_UNREACHABLE_CODE = YES;
				CLANG_WARN__DUPLICATE_METHOD_MATCH = YES;
				COPY_PHASE_STRIP = NO;
				DEBUG_INFORMATION_FORMAT = "dwarf-with-dsym";
				ENABLE_NS_ASSERTIONS = NO;
				ENABLE_STRICT_OBJC_MSGSEND = YES;
				ENABLE_USER_SCRIPT_SANDBOXING = YES;
				GCC_C_LANGUAGE_STANDARD = gnu17;
				GCC_NO_COMMON_BLOCKS = YES;
				GCC_WARN_64_TO_32_BIT_CONVERSION = YES;
				GCC_WARN_ABOUT_RETURN_TYPE = YES_ERROR;
				GCC_WARN_UNDECLARED_SELECTOR = YES;
				GCC_WARN_UNINITIALIZED_AUTOS = YES_AGGRESSIVE;
				GCC_WARN_UNUSED_FUNCTION = YES;
				GCC_WARN_UNUSED_VARIABLE = YES;
				IPHONEOS_DEPLOYMENT_TARGET = 17.4;
				LOCALIZATION_PREFERS_STRING_CATALOGS = YES;
				MTL_ENABLE_DEBUG_INFO = NO;
				MTL_FAST_MATH = YES;
				SDKROOT = iphoneos;
				SWIFT_COMPILATION_MODE = wholemodule;
				VALIDATE_PRODUCT = YES;
			};
			name = Release;
		};
		635B0D162BF0F0FB00BE9C6C /* Debug */ = {
			isa = XCBuildConfiguration;
			buildSettings = {
				ASSETCATALOG_COMPILER_APPICON_NAME = AppIcon;
				ASSETCATALOG_COMPILER_GLOBAL_ACCENT_COLOR_NAME = AccentColor;
				CODE_SIGN_STYLE = Automatic;
				CURRENT_PROJECT_VERSION = 1;
				DEVELOPMENT_TEAM = X8NTYMGXRX;
				GENERATE_INFOPLIST_FILE = YES;
				INFOPLIST_FILE = TinkoffCalculator/Info.plist;
				INFOPLIST_KEY_UIApplicationSupportsIndirectInputEvents = YES;
				INFOPLIST_KEY_UILaunchStoryboardName = LaunchScreen;
				INFOPLIST_KEY_UIMainStoryboardFile = Main;
				INFOPLIST_KEY_UISupportedInterfaceOrientations_iPad = "UIInterfaceOrientationPortrait UIInterfaceOrientationPortraitUpsideDown UIInterfaceOrientationLandscapeLeft UIInterfaceOrientationLandscapeRight";
				INFOPLIST_KEY_UISupportedInterfaceOrientations_iPhone = "UIInterfaceOrientationPortrait UIInterfaceOrientationLandscapeLeft UIInterfaceOrientationLandscapeRight";
				IPHONEOS_DEPLOYMENT_TARGET = 16.4;
				LD_RUNPATH_SEARCH_PATHS = (
					"$(inherited)",
					"@executable_path/Frameworks",
				);
				MARKETING_VERSION = 1.0;
				PRODUCT_BUNDLE_IDENTIFIER = com.dmitriidorogov.TinkoffCalculator;
				PRODUCT_NAME = "$(TARGET_NAME)";
				SWIFT_EMIT_LOC_STRINGS = YES;
				SWIFT_VERSION = 5.0;
				TARGETED_DEVICE_FAMILY = "1,2";
			};
			name = Debug;
		};
		635B0D172BF0F0FB00BE9C6C /* Release */ = {
			isa = XCBuildConfiguration;
			buildSettings = {
				ASSETCATALOG_COMPILER_APPICON_NAME = AppIcon;
				ASSETCATALOG_COMPILER_GLOBAL_ACCENT_COLOR_NAME = AccentColor;
				CODE_SIGN_STYLE = Automatic;
				CURRENT_PROJECT_VERSION = 1;
				DEVELOPMENT_TEAM = X8NTYMGXRX;
				GENERATE_INFOPLIST_FILE = YES;
				INFOPLIST_FILE = TinkoffCalculator/Info.plist;
				INFOPLIST_KEY_UIApplicationSupportsIndirectInputEvents = YES;
				INFOPLIST_KEY_UILaunchStoryboardName = LaunchScreen;
				INFOPLIST_KEY_UIMainStoryboardFile = Main;
				INFOPLIST_KEY_UISupportedInterfaceOrientations_iPad = "UIInterfaceOrientationPortrait UIInterfaceOrientationPortraitUpsideDown UIInterfaceOrientationLandscapeLeft UIInterfaceOrientationLandscapeRight";
				INFOPLIST_KEY_UISupportedInterfaceOrientations_iPhone = "UIInterfaceOrientationPortrait UIInterfaceOrientationLandscapeLeft UIInterfaceOrientationLandscapeRight";
				IPHONEOS_DEPLOYMENT_TARGET = 16.4;
				LD_RUNPATH_SEARCH_PATHS = (
					"$(inherited)",
					"@executable_path/Frameworks",
				);
				MARKETING_VERSION = 1.0;
				PRODUCT_BUNDLE_IDENTIFIER = com.dmitriidorogov.TinkoffCalculator;
				PRODUCT_NAME = "$(TARGET_NAME)";
				SWIFT_EMIT_LOC_STRINGS = YES;
				SWIFT_VERSION = 5.0;
				TARGETED_DEVICE_FAMILY = "1,2";
			};
			name = Release;
		};
		635B0D192BF0F0FB00BE9C6C /* Debug */ = {
			isa = XCBuildConfiguration;
			buildSettings = {
				ALWAYS_EMBED_SWIFT_STANDARD_LIBRARIES = YES;
				BUNDLE_LOADER = "$(TEST_HOST)";
				CODE_SIGN_STYLE = Automatic;
				CURRENT_PROJECT_VERSION = 1;
				DEVELOPMENT_TEAM = X8NTYMGXRX;
				GENERATE_INFOPLIST_FILE = YES;
				IPHONEOS_DEPLOYMENT_TARGET = 17.4;
				MARKETING_VERSION = 1.0;
				PRODUCT_BUNDLE_IDENTIFIER = com.dmitriidorogov.TinkoffCalculatorTests;
				PRODUCT_NAME = "$(TARGET_NAME)";
				SWIFT_EMIT_LOC_STRINGS = NO;
				SWIFT_VERSION = 5.0;
				TARGETED_DEVICE_FAMILY = "1,2";
				TEST_HOST = "$(BUILT_PRODUCTS_DIR)/TinkoffCalculator.app/$(BUNDLE_EXECUTABLE_FOLDER_PATH)/TinkoffCalculator";
			};
			name = Debug;
		};
		635B0D1A2BF0F0FB00BE9C6C /* Release */ = {
			isa = XCBuildConfiguration;
			buildSettings = {
				ALWAYS_EMBED_SWIFT_STANDARD_LIBRARIES = YES;
				BUNDLE_LOADER = "$(TEST_HOST)";
				CODE_SIGN_STYLE = Automatic;
				CURRENT_PROJECT_VERSION = 1;
				DEVELOPMENT_TEAM = X8NTYMGXRX;
				GENERATE_INFOPLIST_FILE = YES;
				IPHONEOS_DEPLOYMENT_TARGET = 17.4;
				MARKETING_VERSION = 1.0;
				PRODUCT_BUNDLE_IDENTIFIER = com.dmitriidorogov.TinkoffCalculatorTests;
				PRODUCT_NAME = "$(TARGET_NAME)";
				SWIFT_EMIT_LOC_STRINGS = NO;
				SWIFT_VERSION = 5.0;
				TARGETED_DEVICE_FAMILY = "1,2";
				TEST_HOST = "$(BUILT_PRODUCTS_DIR)/TinkoffCalculator.app/$(BUNDLE_EXECUTABLE_FOLDER_PATH)/TinkoffCalculator";
			};
			name = Release;
		};
		635B0D1C2BF0F0FB00BE9C6C /* Debug */ = {
			isa = XCBuildConfiguration;
			buildSettings = {
				ALWAYS_EMBED_SWIFT_STANDARD_LIBRARIES = YES;
				CODE_SIGN_STYLE = Automatic;
				CURRENT_PROJECT_VERSION = 1;
				DEVELOPMENT_TEAM = X8NTYMGXRX;
				GENERATE_INFOPLIST_FILE = YES;
				MARKETING_VERSION = 1.0;
				PRODUCT_BUNDLE_IDENTIFIER = com.dmitriidorogov.TinkoffCalculatorUITests;
				PRODUCT_NAME = "$(TARGET_NAME)";
				SWIFT_EMIT_LOC_STRINGS = NO;
				SWIFT_VERSION = 5.0;
				TARGETED_DEVICE_FAMILY = "1,2";
				TEST_TARGET_NAME = TinkoffCalculator;
			};
			name = Debug;
		};
		635B0D1D2BF0F0FB00BE9C6C /* Release */ = {
			isa = XCBuildConfiguration;
			buildSettings = {
				ALWAYS_EMBED_SWIFT_STANDARD_LIBRARIES = YES;
				CODE_SIGN_STYLE = Automatic;
				CURRENT_PROJECT_VERSION = 1;
				DEVELOPMENT_TEAM = X8NTYMGXRX;
				GENERATE_INFOPLIST_FILE = YES;
				MARKETING_VERSION = 1.0;
				PRODUCT_BUNDLE_IDENTIFIER = com.dmitriidorogov.TinkoffCalculatorUITests;
				PRODUCT_NAME = "$(TARGET_NAME)";
				SWIFT_EMIT_LOC_STRINGS = NO;
				SWIFT_VERSION = 5.0;
				TARGETED_DEVICE_FAMILY = "1,2";
				TEST_TARGET_NAME = TinkoffCalculator;
			};
			name = Release;
		};
/* End XCBuildConfiguration section */

/* Begin XCConfigurationList section */
		635B0CE62BF0F0FA00BE9C6C /* Build configuration list for PBXProject "TinkoffCalculator" */ = {
			isa = XCConfigurationList;
			buildConfigurations = (
				635B0D132BF0F0FB00BE9C6C /* Debug */,
				635B0D142BF0F0FB00BE9C6C /* Release */,
			);
			defaultConfigurationIsVisible = 0;
			defaultConfigurationName = Release;
		};
		635B0D152BF0F0FB00BE9C6C /* Build configuration list for PBXNativeTarget "TinkoffCalculator" */ = {
			isa = XCConfigurationList;
			buildConfigurations = (
				635B0D162BF0F0FB00BE9C6C /* Debug */,
				635B0D172BF0F0FB00BE9C6C /* Release */,
			);
			defaultConfigurationIsVisible = 0;
			defaultConfigurationName = Release;
		};
		635B0D182BF0F0FB00BE9C6C /* Build configuration list for PBXNativeTarget "TinkoffCalculatorTests" */ = {
			isa = XCConfigurationList;
			buildConfigurations = (
				635B0D192BF0F0FB00BE9C6C /* Debug */,
				635B0D1A2BF0F0FB00BE9C6C /* Release */,
			);
			defaultConfigurationIsVisible = 0;
			defaultConfigurationName = Release;
		};
		635B0D1B2BF0F0FB00BE9C6C /* Build configuration list for PBXNativeTarget "TinkoffCalculatorUITests" */ = {
			isa = XCConfigurationList;
			buildConfigurations = (
				635B0D1C2BF0F0FB00BE9C6C /* Debug */,
				635B0D1D2BF0F0FB00BE9C6C /* Release */,
			);
			defaultConfigurationIsVisible = 0;
			defaultConfigurationName = Release;
		};
/* End XCConfigurationList section */
	};
	rootObject = 635B0CE32BF0F0FA00BE9C6C /* Project object */;
}
